
Microsoft Visual Studio Solution File, Format Version 12.00
# Visual Studio Version 17
VisualStudioVersion = 17.6.33723.286
MinimumVisualStudioVersion = 10.0.40219.1
Project("{FAE04EC0-301F-11D3-BF4B-00C04F79EFBC}") = "HackerRankSolutions", "HackerRankSolutions.csproj", "{7175038F-D951-431A-BF03-52D06421226D}"
EndProject
Global
	GlobalSection(SolutionConfigurationPlatforms) = preSolution
		Debug|Any CPU = Debug|Any CPU
		Release|Any CPU = Release|Any CPU
	EndGlobalSection
	GlobalSection(ProjectConfigurationPlatforms) = postSolution
		{7175038F-D951-431A-BF03-52D06421226D}.Debug|Any CPU.ActiveCfg = Debug|Any CPU
		{7175038F-D951-431A-BF03-52D06421226D}.Debug|Any CPU.Build.0 = Debug|Any CPU
		{7175038F-D951-431A-BF03-52D06421226D}.Release|Any CPU.ActiveCfg = Release|Any CPU
		{7175038F-D951-431A-BF03-52D06421226D}.Release|Any CPU.Build.0 = Release|Any CPU
	EndGlobalSection
	GlobalSection(SolutionProperties) = preSolution
		HideSolutionNode = FALSE
	EndGlobalSection
	GlobalSection(ExtensibilityGlobals) = postSolution
		SolutionGuid = {E021F4BA-B7D7-489A-8201-B96C8666207B}
	EndGlobalSection
EndGlobal
